
Microsoft Visual Studio Solution File, Format Version 12.00
# Visual Studio Version 17
VisualStudioVersion = 17.2.32526.322
MinimumVisualStudioVersion = 10.0.40219.1
Project("{9A19103F-16F7-4668-BE54-9A1E7A4F7556}") = "ExceptionHandelingMiddleware", "ExceptionHandelingMiddleware\ExceptionHandelingMiddleware.csproj", "{5ED9E1B4-4E49-481D-A9FC-9BA7DAE72B6D}"
EndProject
Project("{9A19103F-16F7-4668-BE54-9A1E7A4F7556}") = "GitAction", "GitAction\GitAction.csproj", "{0FCF73C5-0564-4418-83E5-C360193D12FA}"
EndProject
Project("{9A19103F-16F7-4668-BE54-9A1E7A4F7556}") = "DistributeCacheAPI", "DistributeCacheAPI\DistributeCacheAPI.csproj", "{598E8A15-DC1C-4A50-BD8A-D8268A2F5388}"
EndProject
Project("{9A19103F-16F7-4668-BE54-9A1E7A4F7556}") = "ConfigurationReadUsingModel", "ConfigurationReadUsingModel\ConfigurationReadUsingModel.csproj", "{D90A167C-7E5C-4104-839C-4FA1FF055D8B}"
EndProject
Project("{FAE04EC0-301F-11D3-BF4B-00C04F79EFBC}") = "BuilderServicesOrganize", "BuilderServicesOrganize\BuilderServicesOrganize.csproj", "{A8B5D7C2-8993-4882-9466-D5A9BC7DCDB6}"
EndProject
Global
	GlobalSection(SolutionConfigurationPlatforms) = preSolution
		Debug|Any CPU = Debug|Any CPU
		Release|Any CPU = Release|Any CPU
	EndGlobalSection
	GlobalSection(ProjectConfigurationPlatforms) = postSolution
		{5ED9E1B4-4E49-481D-A9FC-9BA7DAE72B6D}.Debug|Any CPU.ActiveCfg = Debug|Any CPU
		{5ED9E1B4-4E49-481D-A9FC-9BA7DAE72B6D}.Debug|Any CPU.Build.0 = Debug|Any CPU
		{5ED9E1B4-4E49-481D-A9FC-9BA7DAE72B6D}.Release|Any CPU.ActiveCfg = Release|Any CPU
		{5ED9E1B4-4E49-481D-A9FC-9BA7DAE72B6D}.Release|Any CPU.Build.0 = Release|Any CPU
		{0FCF73C5-0564-4418-83E5-C360193D12FA}.Debug|Any CPU.ActiveCfg = Debug|Any CPU
		{0FCF73C5-0564-4418-83E5-C360193D12FA}.Debug|Any CPU.Build.0 = Debug|Any CPU
		{0FCF73C5-0564-4418-83E5-C360193D12FA}.Release|Any CPU.ActiveCfg = Release|Any CPU
		{0FCF73C5-0564-4418-83E5-C360193D12FA}.Release|Any CPU.Build.0 = Release|Any CPU
		{598E8A15-DC1C-4A50-BD8A-D8268A2F5388}.Debug|Any CPU.ActiveCfg = Debug|Any CPU
		{598E8A15-DC1C-4A50-BD8A-D8268A2F5388}.Debug|Any CPU.Build.0 = Debug|Any CPU
		{598E8A15-DC1C-4A50-BD8A-D8268A2F5388}.Release|Any CPU.ActiveCfg = Release|Any CPU
		{598E8A15-DC1C-4A50-BD8A-D8268A2F5388}.Release|Any CPU.Build.0 = Release|Any CPU
		{D90A167C-7E5C-4104-839C-4FA1FF055D8B}.Debug|Any CPU.ActiveCfg = Debug|Any CPU
		{D90A167C-7E5C-4104-839C-4FA1FF055D8B}.Debug|Any CPU.Build.0 = Debug|Any CPU
		{D90A167C-7E5C-4104-839C-4FA1FF055D8B}.Release|Any CPU.ActiveCfg = Release|Any CPU
		{D90A167C-7E5C-4104-839C-4FA1FF055D8B}.Release|Any CPU.Build.0 = Release|Any CPU
		{A8B5D7C2-8993-4882-9466-D5A9BC7DCDB6}.Debug|Any CPU.ActiveCfg = Debug|Any CPU
		{A8B5D7C2-8993-4882-9466-D5A9BC7DCDB6}.Debug|Any CPU.Build.0 = Debug|Any CPU
		{A8B5D7C2-8993-4882-9466-D5A9BC7DCDB6}.Release|Any CPU.ActiveCfg = Release|Any CPU
		{A8B5D7C2-8993-4882-9466-D5A9BC7DCDB6}.Release|Any CPU.Build.0 = Release|Any CPU
	EndGlobalSection
	GlobalSection(SolutionProperties) = preSolution
		HideSolutionNode = FALSE
	EndGlobalSection
	GlobalSection(ExtensibilityGlobals) = postSolution
		SolutionGuid = {4BD2E1C6-6AC8-4A1C-839E-8C75E6BB50A9}
	EndGlobalSection
EndGlobal
